// !$*UTF8*$!
{
	archiveVersion = 1;
	classes = {
	};
	objectVersion = 48;
	objects = {

/* Begin PBXBuildFile section */
		EC0AED2C2068E736002976BC /* MovenseCamera.framework in Frameworks */ = {isa = PBXBuildFile; fileRef = EC0AED2B2068E735002976BC /* MovenseCamera.framework */; };
		EC0AED2D2068E76E002976BC /* MovenseCamera.framework in Frameworks */ = {isa = PBXBuildFile; fileRef = EC0AED2B2068E735002976BC /* MovenseCamera.framework */; };
		EC0AED2E2068E76E002976BC /* MovenseCamera.framework in Embed Frameworks */ = {isa = PBXBuildFile; fileRef = EC0AED2B2068E735002976BC /* MovenseCamera.framework */; settings = {ATTRIBUTES = (CodeSignOnCopy, RemoveHeadersOnCopy, ); }; };
		EC4C6F0F204D8636000D441F /* AppDelegate.swift in Sources */ = {isa = PBXBuildFile; fileRef = EC4C6F0E204D8636000D441F /* AppDelegate.swift */; };
		EC4C6F11204D8636000D441F /* ViewController.swift in Sources */ = {isa = PBXBuildFile; fileRef = EC4C6F10204D8636000D441F /* ViewController.swift */; };
		EC4C6F14204D8636000D441F /* Main.storyboard in Resources */ = {isa = PBXBuildFile; fileRef = EC4C6F12204D8636000D441F /* Main.storyboard */; };
		EC4C6F16204D8636000D441F /* Assets.xcassets in Resources */ = {isa = PBXBuildFile; fileRef = EC4C6F15204D8636000D441F /* Assets.xcassets */; };
		EC4C6F19204D8636000D441F /* LaunchScreen.storyboard in Resources */ = {isa = PBXBuildFile; fileRef = EC4C6F17204D8636000D441F /* LaunchScreen.storyboard */; };
		EC4C9E8A204EC4D400886259 /* FirstViewController.swift in Sources */ = {isa = PBXBuildFile; fileRef = EC4C9E89204EC4D400886259 /* FirstViewController.swift */; };
/* End PBXBuildFile section */

/* Begin PBXCopyFilesBuildPhase section */
		EC0AED2F2068E76E002976BC /* Embed Frameworks */ = {
			isa = PBXCopyFilesBuildPhase;
			buildActionMask = 2147483647;
			dstPath = "";
			dstSubfolderSpec = 10;
			files = (
				EC0AED2E2068E76E002976BC /* MovenseCamera.framework in Embed Frameworks */,
			);
			name = "Embed Frameworks";
			runOnlyForDeploymentPostprocessing = 0;
		};
/* End PBXCopyFilesBuildPhase section */

/* Begin PBXFileReference section */
		EC0AED2B2068E735002976BC /* MovenseCamera.framework */ = {isa = PBXFileReference; lastKnownFileType = wrapper.framework; path = MovenseCamera.framework; sourceTree = "<group>"; };
		EC4C6F0B204D8636000D441F /* MovenseSampleApp.app */ = {isa = PBXFileReference; explicitFileType = wrapper.application; includeInIndex = 0; path = MovenseSampleApp.app; sourceTree = BUILT_PRODUCTS_DIR; };
		EC4C6F0E204D8636000D441F /* AppDelegate.swift */ = {isa = PBXFileReference; lastKnownFileType = sourcecode.swift; path = AppDelegate.swift; sourceTree = "<group>"; };
		EC4C6F10204D8636000D441F /* ViewController.swift */ = {isa = PBXFileReference; lastKnownFileType = sourcecode.swift; path = ViewController.swift; sourceTree = "<group>"; };
		EC4C6F13204D8636000D441F /* Base */ = {isa = PBXFileReference; lastKnownFileType = file.storyboard; name = Base; path = Base.lproj/Main.storyboard; sourceTree = "<group>"; };
		EC4C6F15204D8636000D441F /* Assets.xcassets */ = {isa = PBXFileReference; lastKnownFileType = folder.assetcatalog; path = Assets.xcassets; sourceTree = "<group>"; };
		EC4C6F18204D8636000D441F /* Base */ = {isa = PBXFileReference; lastKnownFileType = file.storyboard; name = Base; path = Base.lproj/LaunchScreen.storyboard; sourceTree = "<group>"; };
		EC4C6F1A204D8636000D441F /* Info.plist */ = {isa = PBXFileReference; lastKnownFileType = text.plist.xml; path = Info.plist; sourceTree = "<group>"; };
		EC4C9E89204EC4D400886259 /* FirstViewController.swift */ = {isa = PBXFileReference; lastKnownFileType = sourcecode.swift; path = FirstViewController.swift; sourceTree = "<group>"; };
/* End PBXFileReference section */

/* Begin PBXFrameworksBuildPhase section */
		EC4C6F08204D8636000D441F /* Frameworks */ = {
			isa = PBXFrameworksBuildPhase;
			buildActionMask = 2147483647;
			files = (
				EC0AED2C2068E736002976BC /* MovenseCamera.framework in Frameworks */,
				EC0AED2D2068E76E002976BC /* MovenseCamera.framework in Frameworks */,
			);
			runOnlyForDeploymentPostprocessing = 0;
		};
/* End PBXFrameworksBuildPhase section */

/* Begin PBXGroup section */
		EC0AED2A2068E70A002976BC /* Frameworks */ = {
			isa = PBXGroup;
			children = (
				EC0AED2B2068E735002976BC /* MovenseCamera.framework */,
			);
			path = Frameworks;
			sourceTree = "<group>";
		};
		EC4C6F02204D8636000D441F = {
			isa = PBXGroup;
			children = (
				EC4C6F0D204D8636000D441F /* MovenseSampleApp */,
				EC4C6F0C204D8636000D441F /* Products */,
			);
			sourceTree = "<group>";
		};
		EC4C6F0C204D8636000D441F /* Products */ = {
			isa = PBXGroup;
			children = (
				EC4C6F0B204D8636000D441F /* MovenseSampleApp.app */,
			);
			name = Products;
			sourceTree = "<group>";
		};
		EC4C6F0D204D8636000D441F /* MovenseSampleApp */ = {
			isa = PBXGroup;
			children = (
				EC0AED2A2068E70A002976BC /* Frameworks */,
				EC4C6F0E204D8636000D441F /* AppDelegate.swift */,
				EC4C6F10204D8636000D441F /* ViewController.swift */,
				EC4C9E89204EC4D400886259 /* FirstViewController.swift */,
				EC4C6F12204D8636000D441F /* Main.storyboard */,
				EC4C6F15204D8636000D441F /* Assets.xcassets */,
				EC4C6F17204D8636000D441F /* LaunchScreen.storyboard */,
				EC4C6F1A204D8636000D441F /* Info.plist */,
			);
			path = MovenseSampleApp;
			sourceTree = "<group>";
		};
/* End PBXGroup section */

/* Begin PBXNativeTarget section */
		EC4C6F0A204D8636000D441F /* MovenseSampleApp */ = {
			isa = PBXNativeTarget;
			buildConfigurationList = EC4C6F1D204D8636000D441F /* Build configuration list for PBXNativeTarget "MovenseSampleApp" */;
			buildPhases = (
				EC4C6F07204D8636000D441F /* Sources */,
				EC4C6F08204D8636000D441F /* Frameworks */,
				EC4C6F09204D8636000D441F /* Resources */,
				EC0AED2F2068E76E002976BC /* Embed Frameworks */,
			);
			buildRules = (
			);
			dependencies = (
			);
			name = MovenseSampleApp;
			productName = MovenseSampleApp;
			productReference = EC4C6F0B204D8636000D441F /* MovenseSampleApp.app */;
			productType = "com.apple.product-type.application";
		};
/* End PBXNativeTarget section */

/* Begin PBXProject section */
		EC4C6F03204D8636000D441F /* Project object */ = {
			isa = PBXProject;
			attributes = {
				LastSwiftUpdateCheck = 0920;
				LastUpgradeCheck = 0920;
				ORGANIZATIONNAME = "Bunty Kumar";
				TargetAttributes = {
					EC4C6F0A204D8636000D441F = {
						CreatedOnToolsVersion = 9.2;
						ProvisioningStyle = Automatic;
					};
				};
			};
			buildConfigurationList = EC4C6F06204D8636000D441F /* Build configuration list for PBXProject "MovenseSampleApp" */;
			compatibilityVersion = "Xcode 8.0";
			developmentRegion = en;
			hasScannedForEncodings = 0;
			knownRegions = (
				en,
				Base,
			);
			mainGroup = EC4C6F02204D8636000D441F;
			productRefGroup = EC4C6F0C204D8636000D441F /* Products */;
			projectDirPath = "";
			projectRoot = "";
			targets = (
				EC4C6F0A204D8636000D441F /* MovenseSampleApp */,
			);
		};
/* End PBXProject section */

/* Begin PBXResourcesBuildPhase section */
		EC4C6F09204D8636000D441F /* Resources */ = {
			isa = PBXResourcesBuildPhase;
			buildActionMask = 2147483647;
			files = (
				EC4C6F19204D8636000D441F /* LaunchScreen.storyboard in Resources */,
				EC4C6F16204D8636000D441F /* Assets.xcassets in Resources */,
				EC4C6F14204D8636000D441F /* Main.storyboard in Resources */,
			);
			runOnlyForDeploymentPostprocessing = 0;
		};
/* End PBXResourcesBuildPhase section */

/* Begin PBXSourcesBuildPhase section */
		EC4C6F07204D8636000D441F /* Sources */ = {
			isa = PBXSourcesBuildPhase;
			buildActionMask = 2147483647;
			files = (
				EC4C9E8A204EC4D400886259 /* FirstViewController.swift in Sources */,
				EC4C6F11204D8636000D441F /* ViewController.swift in Sources */,
				EC4C6F0F204D8636000D441F /* AppDelegate.swift in Sources */,
			);
			runOnlyForDeploymentPostprocessing = 0;
		};
/* End PBXSourcesBuildPhase section */

/* Begin PBXVariantGroup section */
		EC4C6F12204D8636000D441F /* Main.storyboard */ = {
			isa = PBXVariantGroup;
			children = (
				EC4C6F13204D8636000D441F /* Base */,
			);
			name = Main.storyboard;
			sourceTree = "<group>";
		};
		EC4C6F17204D8636000D441F /* LaunchScreen.storyboard */ = {
			isa = PBXVariantGroup;
			children = (
				EC4C6F18204D8636000D441F /* Base */,
			);
			name = LaunchScreen.storyboard;
			sourceTree = "<group>";
		};
/* End PBXVariantGroup section */

/* Begin XCBuildConfiguration section */
		EC4C6F1B204D8636000D441F /* Debug */ = {
			isa = XCBuildConfiguration;
			buildSettings = {
				ALWAYS_SEARCH_USER_PATHS = NO;
				CLANG_ANALYZER_NONNULL = YES;
				CLANG_ANALYZER_NUMBER_OBJECT_CONVERSION = YES_AGGRESSIVE;
				CLANG_CXX_LANGUAGE_STANDARD = "gnu++14";
				CLANG_CXX_LIBRARY = "libc++";
				CLANG_ENABLE_MODULES = YES;
				CLANG_ENABLE_OBJC_ARC = YES;
				CLANG_WARN_BLOCK_CAPTURE_AUTORELEASING = YES;
				CLANG_WARN_BOOL_CONVERSION = YES;
				CLANG_WARN_COMMA = YES;
				CLANG_WARN_CONSTANT_CONVERSION = YES;
				CLANG_WARN_DIRECT_OBJC_ISA_USAGE = YES_ERROR;
				CLANG_WARN_DOCUMENTATION_COMMENTS = YES;
				CLANG_WARN_EMPTY_BODY = YES;
				CLANG_WARN_ENUM_CONVERSION = YES;
				CLANG_WARN_INFINITE_RECURSION = YES;
				CLANG_WARN_INT_CONVERSION = YES;
				CLANG_WARN_NON_LITERAL_NULL_CONVERSION = YES;
				CLANG_WARN_OBJC_LITERAL_CONVERSION = YES;
				CLANG_WARN_OBJC_ROOT_CLASS = YES_ERROR;
				CLANG_WARN_RANGE_LOOP_ANALYSIS = YES;
				CLANG_WARN_STRICT_PROTOTYPES = YES;
				CLANG_WARN_SUSPICIOUS_MOVE = YES;
				CLANG_WARN_UNGUARDED_AVAILABILITY = YES_AGGRESSIVE;
				CLANG_WARN_UNREACHABLE_CODE = YES;
				CLANG_WARN__DUPLICATE_METHOD_MATCH = YES;
				CODE_SIGN_IDENTITY = "iPhone Developer";
				COPY_PHASE_STRIP = NO;
				DEBUG_INFORMATION_FORMAT = dwarf;
				ENABLE_STRICT_OBJC_MSGSEND = YES;
				ENABLE_TESTABILITY = YES;
				GCC_C_LANGUAGE_STANDARD = gnu11;
				GCC_DYNAMIC_NO_PIC = NO;
				GCC_NO_COMMON_BLOCKS = YES;
				GCC_OPTIMIZATION_LEVEL = 0;
				GCC_PREPROCESSOR_DEFINITIONS = (
					"DEBUG=1",
					"$(inherited)",
				);
				GCC_WARN_64_TO_32_BIT_CONVERSION = YES;
				GCC_WARN_ABOUT_RETURN_TYPE = YES_ERROR;
				GCC_WARN_UNDECLARED_SELECTOR = YES;
				GCC_WARN_UNINITIALIZED_AUTOS = YES_AGGRESSIVE;
				GCC_WARN_UNUSED_FUNCTION = YES;
				GCC_WARN_UNUSED_VARIABLE = YES;
				IPHONEOS_DEPLOYMENT_TARGET = 11.2;
				MTL_ENABLE_DEBUG_INFO = YES;
				ONLY_ACTIVE_ARCH = YES;
				SDKROOT = iphoneos;
				SWIFT_ACTIVE_COMPILATION_CONDITIONS = DEBUG;
				SWIFT_OPTIMIZATION_LEVEL = "-Onone";
			};
			name = Debug;
		};
		EC4C6F1C204D8636000D441F /* Release */ = {
			isa = XCBuildConfiguration;
			buildSettings = {
				ALWAYS_SEARCH_USER_PATHS = NO;
				CLANG_ANALYZER_NONNULL = YES;
				CLANG_ANALYZER_NUMBER_OBJECT_CONVERSION = YES_AGGRESSIVE;
				CLANG_CXX_LANGUAGE_STANDARD = "gnu++14";
				CLANG_CXX_LIBRARY = "libc++";
				CLANG_ENABLE_MODULES = YES;
				CLANG_ENABLE_OBJC_ARC = YES;
				CLANG_WARN_BLOCK_CAPTURE_AUTORELEASING = YES;
				CLANG_WARN_BOOL_CONVERSION = YES;
				CLANG_WARN_COMMA = YES;
				CLANG_WARN_CONSTANT_CONVERSION = YES;
				CLANG_WARN_DIRECT_OBJC_ISA_USAGE = YES_ERROR;
				CLANG_WARN_DOCUMENTATION_COMMENTS = YES;
				CLANG_WARN_EMPTY_BODY = YES;
				CLANG_WARN_ENUM_CONVERSION = YES;
				CLANG_WARN_INFINITE_RECURSION = YES;
				CLANG_WARN_INT_CONVERSION = YES;
				CLANG_WARN_NON_LITERAL_NULL_CONVERSION = YES;
				CLANG_WARN_OBJC_LITERAL_CONVERSION = YES;
				CLANG_WARN_OBJC_ROOT_CLASS = YES_ERROR;
				CLANG_WARN_RANGE_LOOP_ANALYSIS = YES;
				CLANG_WARN_STRICT_PROTOTYPES = YES;
				CLANG_WARN_SUSPICIOUS_MOVE = YES;
				CLANG_WARN_UNGUARDED_AVAILABILITY = YES_AGGRESSIVE;
				CLANG_WARN_UNREACHABLE_CODE = YES;
				CLANG_WARN__DUPLICATE_METHOD_MATCH = YES;
				CODE_SIGN_IDENTITY = "iPhone Developer";
				COPY_PHASE_STRIP = NO;
				DEBUG_INFORMATION_FORMAT = "dwarf-with-dsym";
				ENABLE_NS_ASSERTIONS = NO;
				ENABLE_STRICT_OBJC_MSGSEND = YES;
				GCC_C_LANGUAGE_STANDARD = gnu11;
				GCC_NO_COMMON_BLOCKS = YES;
				GCC_WARN_64_TO_32_BIT_CONVERSION = YES;
				GCC_WARN_ABOUT_RETURN_TYPE = YES_ERROR;
				GCC_WARN_UNDECLARED_SELECTOR = YES;
				GCC_WARN_UNINITIALIZED_AUTOS = YES_AGGRESSIVE;
				GCC_WARN_UNUSED_FUNCTION = YES;
				GCC_WARN_UNUSED_VARIABLE = YES;
				IPHONEOS_DEPLOYMENT_TARGET = 11.2;
				MTL_ENABLE_DEBUG_INFO = NO;
				SDKROOT = iphoneos;
				SWIFT_OPTIMIZATION_LEVEL = "-Owholemodule";
				VALIDATE_PRODUCT = YES;
			};
			name = Release;
		};
		EC4C6F1E204D8636000D441F /* Debug */ = {
			isa = XCBuildConfiguration;
			buildSettings = {
				ASSETCATALOG_COMPILER_APPICON_NAME = AppIcon;
				CODE_SIGN_STYLE = Automatic;
				DEVELOPMENT_TEAM = X44E8RV56F;
				FRAMEWORK_SEARCH_PATHS = (
					"$(inherited)",
					"$(PROJECT_DIR)/MovenseSampleApp",
					"$(PROJECT_DIR)/MovenseSampleApp/Frameworks",
				);
				INFOPLIST_FILE = MovenseSampleApp/Info.plist;
				LD_RUNPATH_SEARCH_PATHS = "$(inherited) @executable_path/Frameworks";
				MODULEMAP_FILE = "";
				MODULEMAP_PRIVATE_FILE = "";
				PRODUCT_BUNDLE_IDENTIFIER = com.movense.sample.MovenseSampleApp;
				PRODUCT_NAME = "$(TARGET_NAME)";
				SWIFT_INCLUDE_PATHS = "";
				SWIFT_VERSION = 4.0;
				TARGETED_DEVICE_FAMILY = "1,2";
			};
			name = Debug;
		};
		EC4C6F1F204D8636000D441F /* Release */ = {
			isa = XCBuildConfiguration;
			buildSettings = {
				ASSETCATALOG_COMPILER_APPICON_NAME = AppIcon;
				CODE_SIGN_STYLE = Automatic;
				DEVELOPMENT_TEAM = X44E8RV56F;
				FRAMEWORK_SEARCH_PATHS = (
					"$(inherited)",
					"$(PROJECT_DIR)/MovenseSampleApp",
					"$(PROJECT_DIR)/MovenseSampleApp/Frameworks",
				);
				INFOPLIST_FILE = MovenseSampleApp/Info.plist;
				LD_RUNPATH_SEARCH_PATHS = "$(inherited) @executable_path/Frameworks";
				MODULEMAP_FILE = "";
				MODULEMAP_PRIVATE_FILE = "";
				PRODUCT_BUNDLE_IDENTIFIER = com.movense.sample.MovenseSampleApp;
				PRODUCT_NAME = "$(TARGET_NAME)";
				SWIFT_INCLUDE_PATHS = "";
				SWIFT_VERSION = 4.0;
				TARGETED_DEVICE_FAMILY = "1,2";
			};
			name = Release;
		};
/* End XCBuildConfiguration section */

/* Begin XCConfigurationList section */
		EC4C6F06204D8636000D441F /* Build configuration list for PBXProject "MovenseSampleApp" */ = {
			isa = XCConfigurationList;
			buildConfigurations = (
				EC4C6F1B204D8636000D441F /* Debug */,
				EC4C6F1C204D8636000D441F /* Release */,
			);
			defaultConfigurationIsVisible = 0;
			defaultConfigurationName = Release;
		};
		EC4C6F1D204D8636000D441F /* Build configuration list for PBXNativeTarget "MovenseSampleApp" */ = {
			isa = XCConfigurationList;
			buildConfigurations = (
				EC4C6F1E204D8636000D441F /* Debug */,
				EC4C6F1F204D8636000D441F /* Release */,
			);
			defaultConfigurationIsVisible = 0;
			defaultConfigurationName = Release;
		};
/* End XCConfigurationList section */
	};
	rootObject = EC4C6F03204D8636000D441F /* Project object */;
}
